
Microsoft Visual Studio Solution File, Format Version 12.00
# Visual Studio Version 17
VisualStudioVersion = 17.7.34202.233
MinimumVisualStudioVersion = 10.0.40219.1
Project("{9A19103F-16F7-4668-BE54-9A1E7A4F7556}") = "WorkSpace", "WorkSpace\WorkSpace.csproj", "{975502C6-2AB4-4C07-A334-3A37CCADCF13}"
EndProject
Project("{FAE04EC0-301F-11D3-BF4B-00C04F79EFBC}") = "Entities", "Entities\Entities.csproj", "{D265AC74-2EB5-4E52-8E1F-143E9ABE6A74}"
EndProject
Project("{FAE04EC0-301F-11D3-BF4B-00C04F79EFBC}") = "Business", "Business\Business.csproj", "{9831C6FF-E43F-43B1-BD1C-B5EF2615B8E7}"
EndProject
Global
	GlobalSection(SolutionConfigurationPlatforms) = preSolution
		Debug|Any CPU = Debug|Any CPU
		Release|Any CPU = Release|Any CPU
	EndGlobalSection
	GlobalSection(ProjectConfigurationPlatforms) = postSolution
		{975502C6-2AB4-4C07-A334-3A37CCADCF13}.Debug|Any CPU.ActiveCfg = Debug|Any CPU
		{975502C6-2AB4-4C07-A334-3A37CCADCF13}.Debug|Any CPU.Build.0 = Debug|Any CPU
		{975502C6-2AB4-4C07-A334-3A37CCADCF13}.Release|Any CPU.ActiveCfg = Release|Any CPU
		{975502C6-2AB4-4C07-A334-3A37CCADCF13}.Release|Any CPU.Build.0 = Release|Any CPU
		{D265AC74-2EB5-4E52-8E1F-143E9ABE6A74}.Debug|Any CPU.ActiveCfg = Debug|Any CPU
		{D265AC74-2EB5-4E52-8E1F-143E9ABE6A74}.Debug|Any CPU.Build.0 = Debug|Any CPU
		{D265AC74-2EB5-4E52-8E1F-143E9ABE6A74}.Release|Any CPU.ActiveCfg = Release|Any CPU
		{D265AC74-2EB5-4E52-8E1F-143E9ABE6A74}.Release|Any CPU.Build.0 = Release|Any CPU
		{9831C6FF-E43F-43B1-BD1C-B5EF2615B8E7}.Debug|Any CPU.ActiveCfg = Debug|Any CPU
		{9831C6FF-E43F-43B1-BD1C-B5EF2615B8E7}.Debug|Any CPU.Build.0 = Debug|Any CPU
		{9831C6FF-E43F-43B1-BD1C-B5EF2615B8E7}.Release|Any CPU.ActiveCfg = Release|Any CPU
		{9831C6FF-E43F-43B1-BD1C-B5EF2615B8E7}.Release|Any CPU.Build.0 = Release|Any CPU
	EndGlobalSection
	GlobalSection(SolutionProperties) = preSolution
		HideSolutionNode = FALSE
	EndGlobalSection
	GlobalSection(ExtensibilityGlobals) = postSolution
		SolutionGuid = {07C092F9-34DF-49F5-9EA4-CB0E48F04A80}
	EndGlobalSection
EndGlobal
